
Microsoft Visual Studio Solution File, Format Version 12.00
# Visual Studio Version 17
VisualStudioVersion = 17.5.33516.290
MinimumVisualStudioVersion = 10.0.40219.1
Project("{8BC9CEB8-8B4A-11D0-8D11-00A0C91BC942}") = "MyCppPractice", "MyCppPractice\MyCppPractice.vcxproj", "{2DBCF9CD-297A-48A1-A507-5DAF58FA2911}"
EndProject
Project("{8BC9CEB8-8B4A-11D0-8D11-00A0C91BC942}") = "SubProjectTest", "SubProjectTest\SubProjectTest.vcxproj", "{9F1DC436-6F1F-40BD-962A-7DDC70273809}"
EndProject
Project("{8BC9CEB8-8B4A-11D0-8D11-00A0C91BC942}") = "HelloWorld", "HelloWorld\HelloWorld.vcxproj", "{89DDBC40-674D-4FC0-B712-A33FE02BF7BA}"
EndProject
Project("{8BC9CEB8-8B4A-11D0-8D11-00A0C91BC942}") = "CppEnum", "CppEnum\CppEnum.vcxproj", "{9D06B6D5-9AFC-4F37-91A0-891AEA80B748}"
EndProject
Project("{8BC9CEB8-8B4A-11D0-8D11-00A0C91BC942}") = "EntityTest", "EntityTest\EntityTest.vcxproj", "{94CB8C24-1295-4BE2-80D0-C5B3E11CBCE3}"
EndProject
Global
	GlobalSection(SolutionConfigurationPlatforms) = preSolution
		Debug|x64 = Debug|x64
		Debug|x86 = Debug|x86
		Release|x64 = Release|x64
		Release|x86 = Release|x86
	EndGlobalSection
	GlobalSection(ProjectConfigurationPlatforms) = postSolution
		{2DBCF9CD-297A-48A1-A507-5DAF58FA2911}.Debug|x64.ActiveCfg = Debug|x64
		{2DBCF9CD-297A-48A1-A507-5DAF58FA2911}.Debug|x64.Build.0 = Debug|x64
		{2DBCF9CD-297A-48A1-A507-5DAF58FA2911}.Debug|x86.ActiveCfg = Debug|Win32
		{2DBCF9CD-297A-48A1-A507-5DAF58FA2911}.Debug|x86.Build.0 = Debug|Win32
		{2DBCF9CD-297A-48A1-A507-5DAF58FA2911}.Release|x64.ActiveCfg = Release|x64
		{2DBCF9CD-297A-48A1-A507-5DAF58FA2911}.Release|x64.Build.0 = Release|x64
		{2DBCF9CD-297A-48A1-A507-5DAF58FA2911}.Release|x86.ActiveCfg = Release|Win32
		{2DBCF9CD-297A-48A1-A507-5DAF58FA2911}.Release|x86.Build.0 = Release|Win32
		{9F1DC436-6F1F-40BD-962A-7DDC70273809}.Debug|x64.ActiveCfg = Debug|x64
		{9F1DC436-6F1F-40BD-962A-7DDC70273809}.Debug|x64.Build.0 = Debug|x64
		{9F1DC436-6F1F-40BD-962A-7DDC70273809}.Debug|x86.ActiveCfg = Debug|Win32
		{9F1DC436-6F1F-40BD-962A-7DDC70273809}.Debug|x86.Build.0 = Debug|Win32
		{9F1DC436-6F1F-40BD-962A-7DDC70273809}.Release|x64.ActiveCfg = Release|x64
		{9F1DC436-6F1F-40BD-962A-7DDC70273809}.Release|x64.Build.0 = Release|x64
		{9F1DC436-6F1F-40BD-962A-7DDC70273809}.Release|x86.ActiveCfg = Release|Win32
		{9F1DC436-6F1F-40BD-962A-7DDC70273809}.Release|x86.Build.0 = Release|Win32
		{89DDBC40-674D-4FC0-B712-A33FE02BF7BA}.Debug|x64.ActiveCfg = Debug|x64
		{89DDBC40-674D-4FC0-B712-A33FE02BF7BA}.Debug|x64.Build.0 = Debug|x64
		{89DDBC40-674D-4FC0-B712-A33FE02BF7BA}.Debug|x86.ActiveCfg = Debug|Win32
		{89DDBC40-674D-4FC0-B712-A33FE02BF7BA}.Debug|x86.Build.0 = Debug|Win32
		{89DDBC40-674D-4FC0-B712-A33FE02BF7BA}.Release|x64.ActiveCfg = Release|x64
		{89DDBC40-674D-4FC0-B712-A33FE02BF7BA}.Release|x64.Build.0 = Release|x64
		{89DDBC40-674D-4FC0-B712-A33FE02BF7BA}.Release|x86.ActiveCfg = Release|Win32
		{89DDBC40-674D-4FC0-B712-A33FE02BF7BA}.Release|x86.Build.0 = Release|Win32
		{9D06B6D5-9AFC-4F37-91A0-891AEA80B748}.Debug|x64.ActiveCfg = Debug|x64
		{9D06B6D5-9AFC-4F37-91A0-891AEA80B748}.Debug|x64.Build.0 = Debug|x64
		{9D06B6D5-9AFC-4F37-91A0-891AEA80B748}.Debug|x86.ActiveCfg = Debug|Win32
		{9D06B6D5-9AFC-4F37-91A0-891AEA80B748}.Debug|x86.Build.0 = Debug|Win32
		{9D06B6D5-9AFC-4F37-91A0-891AEA80B748}.Release|x64.ActiveCfg = Release|x64
		{9D06B6D5-9AFC-4F37-91A0-891AEA80B748}.Release|x64.Build.0 = Release|x64
		{9D06B6D5-9AFC-4F37-91A0-891AEA80B748}.Release|x86.ActiveCfg = Release|Win32
		{9D06B6D5-9AFC-4F37-91A0-891AEA80B748}.Release|x86.Build.0 = Release|Win32
		{94CB8C24-1295-4BE2-80D0-C5B3E11CBCE3}.Debug|x64.ActiveCfg = Debug|x64
		{94CB8C24-1295-4BE2-80D0-C5B3E11CBCE3}.Debug|x64.Build.0 = Debug|x64
		{94CB8C24-1295-4BE2-80D0-C5B3E11CBCE3}.Debug|x86.ActiveCfg = Debug|Win32
		{94CB8C24-1295-4BE2-80D0-C5B3E11CBCE3}.Debug|x86.Build.0 = Debug|Win32
		{94CB8C24-1295-4BE2-80D0-C5B3E11CBCE3}.Release|x64.ActiveCfg = Release|x64
		{94CB8C24-1295-4BE2-80D0-C5B3E11CBCE3}.Release|x64.Build.0 = Release|x64
		{94CB8C24-1295-4BE2-80D0-C5B3E11CBCE3}.Release|x86.ActiveCfg = Release|Win32
		{94CB8C24-1295-4BE2-80D0-C5B3E11CBCE3}.Release|x86.Build.0 = Release|Win32
	EndGlobalSection
	GlobalSection(SolutionProperties) = preSolution
		HideSolutionNode = FALSE
	EndGlobalSection
	GlobalSection(ExtensibilityGlobals) = postSolution
		SolutionGuid = {6E8B1E59-ECAF-4489-AE4E-68EB74E0B5EA}
	EndGlobalSection
EndGlobal
